
Microsoft Visual Studio Solution File, Format Version 12.00
# Visual Studio Version 16
VisualStudioVersion = 16.0.32002.261
MinimumVisualStudioVersion = 10.0.40219.1
Project("{9A19103F-16F7-4668-BE54-9A1E7A4F7556}") = "Entities", "Entities\Entities.csproj", "{D2E4FB12-760A-4CA5-8B26-A4038568FF6E}"
EndProject
Project("{9A19103F-16F7-4668-BE54-9A1E7A4F7556}") = "DataAccess", "DataAccess\DataAccess.csproj", "{B86DEBCF-2641-4084-9E27-C5D3CC40A998}"
EndProject
Project("{9A19103F-16F7-4668-BE54-9A1E7A4F7556}") = "Business", "Business\Business.csproj", "{60E7BBBA-2E89-4E93-8236-CA085FF36EED}"
EndProject
Project("{9A19103F-16F7-4668-BE54-9A1E7A4F7556}") = "ConsoleUI", "ConsoleUI\ConsoleUI.csproj", "{C22E5A59-FC92-465A-9845-27C80F5A9FD7}"
EndProject
Project("{9A19103F-16F7-4668-BE54-9A1E7A4F7556}") = "Core", "Core\Core.csproj", "{89ED87F3-D9F7-48C2-BB1E-41565047F244}"
EndProject
Project("{FAE04EC0-301F-11D3-BF4B-00C04F79EFBC}") = "WebAPI", "WebAPI\WebAPI.csproj", "{4FF9E55F-866E-4919-9430-E1342F111EA5}"
EndProject
Global
	GlobalSection(SolutionConfigurationPlatforms) = preSolution
		Debug|Any CPU = Debug|Any CPU
		Release|Any CPU = Release|Any CPU
	EndGlobalSection
	GlobalSection(ProjectConfigurationPlatforms) = postSolution
		{D2E4FB12-760A-4CA5-8B26-A4038568FF6E}.Debug|Any CPU.ActiveCfg = Debug|Any CPU
		{D2E4FB12-760A-4CA5-8B26-A4038568FF6E}.Debug|Any CPU.Build.0 = Debug|Any CPU
		{D2E4FB12-760A-4CA5-8B26-A4038568FF6E}.Release|Any CPU.ActiveCfg = Release|Any CPU
		{D2E4FB12-760A-4CA5-8B26-A4038568FF6E}.Release|Any CPU.Build.0 = Release|Any CPU
		{B86DEBCF-2641-4084-9E27-C5D3CC40A998}.Debug|Any CPU.ActiveCfg = Debug|Any CPU
		{B86DEBCF-2641-4084-9E27-C5D3CC40A998}.Debug|Any CPU.Build.0 = Debug|Any CPU
		{B86DEBCF-2641-4084-9E27-C5D3CC40A998}.Release|Any CPU.ActiveCfg = Release|Any CPU
		{B86DEBCF-2641-4084-9E27-C5D3CC40A998}.Release|Any CPU.Build.0 = Release|Any CPU
		{60E7BBBA-2E89-4E93-8236-CA085FF36EED}.Debug|Any CPU.ActiveCfg = Debug|Any CPU
		{60E7BBBA-2E89-4E93-8236-CA085FF36EED}.Debug|Any CPU.Build.0 = Debug|Any CPU
		{60E7BBBA-2E89-4E93-8236-CA085FF36EED}.Release|Any CPU.ActiveCfg = Release|Any CPU
		{60E7BBBA-2E89-4E93-8236-CA085FF36EED}.Release|Any CPU.Build.0 = Release|Any CPU
		{C22E5A59-FC92-465A-9845-27C80F5A9FD7}.Debug|Any CPU.ActiveCfg = Debug|Any CPU
		{C22E5A59-FC92-465A-9845-27C80F5A9FD7}.Debug|Any CPU.Build.0 = Debug|Any CPU
		{C22E5A59-FC92-465A-9845-27C80F5A9FD7}.Release|Any CPU.ActiveCfg = Release|Any CPU
		{C22E5A59-FC92-465A-9845-27C80F5A9FD7}.Release|Any CPU.Build.0 = Release|Any CPU
		{89ED87F3-D9F7-48C2-BB1E-41565047F244}.Debug|Any CPU.ActiveCfg = Debug|Any CPU
		{89ED87F3-D9F7-48C2-BB1E-41565047F244}.Debug|Any CPU.Build.0 = Debug|Any CPU
		{89ED87F3-D9F7-48C2-BB1E-41565047F244}.Release|Any CPU.ActiveCfg = Release|Any CPU
		{89ED87F3-D9F7-48C2-BB1E-41565047F244}.Release|Any CPU.Build.0 = Release|Any CPU
		{4FF9E55F-866E-4919-9430-E1342F111EA5}.Debug|Any CPU.ActiveCfg = Debug|Any CPU
		{4FF9E55F-866E-4919-9430-E1342F111EA5}.Debug|Any CPU.Build.0 = Debug|Any CPU
		{4FF9E55F-866E-4919-9430-E1342F111EA5}.Release|Any CPU.ActiveCfg = Release|Any CPU
		{4FF9E55F-866E-4919-9430-E1342F111EA5}.Release|Any CPU.Build.0 = Release|Any CPU
	EndGlobalSection
	GlobalSection(SolutionProperties) = preSolution
		HideSolutionNode = FALSE
	EndGlobalSection
	GlobalSection(ExtensibilityGlobals) = postSolution
		SolutionGuid = {DFFB2D6B-5126-4D3A-9A95-799228E9EC4F}
	EndGlobalSection
EndGlobal
